
Microsoft Visual Studio Solution File, Format Version 12.00
# Visual Studio Version 17
VisualStudioVersion = 17.3.32819.101
MinimumVisualStudioVersion = 10.0.40219.1
Project("{9A19103F-16F7-4668-BE54-9A1E7A4F7556}") = "Assets", "Assets\Assets.csproj", "{1EE21556-C9FD-44C6-B6DB-F64AAB1DB608}"
EndProject
Project("{9A19103F-16F7-4668-BE54-9A1E7A4F7556}") = "Assets.Collections", "Assets.Collections\Assets.Collections.csproj", "{08305A65-27C6-4DB7-8087-E99C268F8AB1}"
EndProject
Project("{9A19103F-16F7-4668-BE54-9A1E7A4F7556}") = "Assets.Graphics", "Assets.Graphics\Assets.Graphics.csproj", "{BCEC2491-EC22-4768-9079-7F3A9940C556}"
EndProject
Project("{9A19103F-16F7-4668-BE54-9A1E7A4F7556}") = "Assets.Razors", "Assets.Razors\Assets.Razors.csproj", "{942FAE86-B1C7-49BE-B6EB-A95B783BBBDE}"
EndProject
Project("{9A19103F-16F7-4668-BE54-9A1E7A4F7556}") = "Assets.Test", "Assets.Test\Assets.Test.csproj", "{A1004FDB-DBED-4D68-9EC1-52058A773710}"
EndProject
Project("{9A19103F-16F7-4668-BE54-9A1E7A4F7556}") = "Assets.Scrolls", "Assets.Scrolls\Assets.Scrolls.csproj", "{8271B675-6777-4EF6-AF99-84EB0CCDF45E}"
EndProject
Global
	GlobalSection(SolutionConfigurationPlatforms) = preSolution
		Debug|Any CPU = Debug|Any CPU
		Release|Any CPU = Release|Any CPU
	EndGlobalSection
	GlobalSection(ProjectConfigurationPlatforms) = postSolution
		{1EE21556-C9FD-44C6-B6DB-F64AAB1DB608}.Debug|Any CPU.ActiveCfg = Debug|Any CPU
		{1EE21556-C9FD-44C6-B6DB-F64AAB1DB608}.Debug|Any CPU.Build.0 = Debug|Any CPU
		{1EE21556-C9FD-44C6-B6DB-F64AAB1DB608}.Release|Any CPU.ActiveCfg = Release|Any CPU
		{1EE21556-C9FD-44C6-B6DB-F64AAB1DB608}.Release|Any CPU.Build.0 = Release|Any CPU
		{08305A65-27C6-4DB7-8087-E99C268F8AB1}.Debug|Any CPU.ActiveCfg = Debug|Any CPU
		{08305A65-27C6-4DB7-8087-E99C268F8AB1}.Debug|Any CPU.Build.0 = Debug|Any CPU
		{08305A65-27C6-4DB7-8087-E99C268F8AB1}.Release|Any CPU.ActiveCfg = Release|Any CPU
		{08305A65-27C6-4DB7-8087-E99C268F8AB1}.Release|Any CPU.Build.0 = Release|Any CPU
		{BCEC2491-EC22-4768-9079-7F3A9940C556}.Debug|Any CPU.ActiveCfg = Debug|Any CPU
		{BCEC2491-EC22-4768-9079-7F3A9940C556}.Debug|Any CPU.Build.0 = Debug|Any CPU
		{BCEC2491-EC22-4768-9079-7F3A9940C556}.Release|Any CPU.ActiveCfg = Release|Any CPU
		{BCEC2491-EC22-4768-9079-7F3A9940C556}.Release|Any CPU.Build.0 = Release|Any CPU
		{942FAE86-B1C7-49BE-B6EB-A95B783BBBDE}.Debug|Any CPU.ActiveCfg = Debug|Any CPU
		{942FAE86-B1C7-49BE-B6EB-A95B783BBBDE}.Debug|Any CPU.Build.0 = Debug|Any CPU
		{942FAE86-B1C7-49BE-B6EB-A95B783BBBDE}.Release|Any CPU.ActiveCfg = Release|Any CPU
		{942FAE86-B1C7-49BE-B6EB-A95B783BBBDE}.Release|Any CPU.Build.0 = Release|Any CPU
		{A1004FDB-DBED-4D68-9EC1-52058A773710}.Debug|Any CPU.ActiveCfg = Debug|Any CPU
		{A1004FDB-DBED-4D68-9EC1-52058A773710}.Debug|Any CPU.Build.0 = Debug|Any CPU
		{A1004FDB-DBED-4D68-9EC1-52058A773710}.Release|Any CPU.ActiveCfg = Release|Any CPU
		{A1004FDB-DBED-4D68-9EC1-52058A773710}.Release|Any CPU.Build.0 = Release|Any CPU
		{8271B675-6777-4EF6-AF99-84EB0CCDF45E}.Debug|Any CPU.ActiveCfg = Debug|Any CPU
		{8271B675-6777-4EF6-AF99-84EB0CCDF45E}.Debug|Any CPU.Build.0 = Debug|Any CPU
		{8271B675-6777-4EF6-AF99-84EB0CCDF45E}.Release|Any CPU.ActiveCfg = Release|Any CPU
		{8271B675-6777-4EF6-AF99-84EB0CCDF45E}.Release|Any CPU.Build.0 = Release|Any CPU
	EndGlobalSection
	GlobalSection(SolutionProperties) = preSolution
		HideSolutionNode = FALSE
	EndGlobalSection
	GlobalSection(ExtensibilityGlobals) = postSolution
		SolutionGuid = {A8508794-79AA-4324-BED9-911D3F8644B1}
	EndGlobalSection
EndGlobal
